
Microsoft Visual Studio Solution File, Format Version 12.00
# Visual Studio Version 16
VisualStudioVersion = 16.0.31515.178
MinimumVisualStudioVersion = 10.0.40219.1
Project("{9A19103F-16F7-4668-BE54-9A1E7A4F7556}") = "choco-lab.WebUI", "choco-lab\choco-lab.WebUI.csproj", "{6153CB89-6C86-41EA-AD26-EEFA653EBEF3}"
EndProject
Project("{9A19103F-16F7-4668-BE54-9A1E7A4F7556}") = "choco-lab.Data", "choco-lab.Data\choco-lab.Data.csproj", "{8954C5D2-CBE8-4809-A2A8-95A751C033EE}"
EndProject
Project("{9A19103F-16F7-4668-BE54-9A1E7A4F7556}") = "choco-lab.Business", "choco-lab.Business\choco-lab.Business.csproj", "{E2C32EF9-1A02-449D-8C7C-37EF597FF824}"
EndProject
Global
	GlobalSection(SolutionConfigurationPlatforms) = preSolution
		Debug|Any CPU = Debug|Any CPU
		Release|Any CPU = Release|Any CPU
	EndGlobalSection
	GlobalSection(ProjectConfigurationPlatforms) = postSolution
		{6153CB89-6C86-41EA-AD26-EEFA653EBEF3}.Debug|Any CPU.ActiveCfg = Debug|Any CPU
		{6153CB89-6C86-41EA-AD26-EEFA653EBEF3}.Debug|Any CPU.Build.0 = Debug|Any CPU
		{6153CB89-6C86-41EA-AD26-EEFA653EBEF3}.Release|Any CPU.ActiveCfg = Release|Any CPU
		{6153CB89-6C86-41EA-AD26-EEFA653EBEF3}.Release|Any CPU.Build.0 = Release|Any CPU
		{8954C5D2-CBE8-4809-A2A8-95A751C033EE}.Debug|Any CPU.ActiveCfg = Debug|Any CPU
		{8954C5D2-CBE8-4809-A2A8-95A751C033EE}.Debug|Any CPU.Build.0 = Debug|Any CPU
		{8954C5D2-CBE8-4809-A2A8-95A751C033EE}.Release|Any CPU.ActiveCfg = Release|Any CPU
		{8954C5D2-CBE8-4809-A2A8-95A751C033EE}.Release|Any CPU.Build.0 = Release|Any CPU
		{E2C32EF9-1A02-449D-8C7C-37EF597FF824}.Debug|Any CPU.ActiveCfg = Debug|Any CPU
		{E2C32EF9-1A02-449D-8C7C-37EF597FF824}.Debug|Any CPU.Build.0 = Debug|Any CPU
		{E2C32EF9-1A02-449D-8C7C-37EF597FF824}.Release|Any CPU.ActiveCfg = Release|Any CPU
		{E2C32EF9-1A02-449D-8C7C-37EF597FF824}.Release|Any CPU.Build.0 = Release|Any CPU
	EndGlobalSection
	GlobalSection(SolutionProperties) = preSolution
		HideSolutionNode = FALSE
	EndGlobalSection
	GlobalSection(ExtensibilityGlobals) = postSolution
		SolutionGuid = {2818272C-70EC-46BD-B7E0-D023D6E84557}
	EndGlobalSection
EndGlobal
